// !$*UTF8*$!
{
	archiveVersion = 1;
	classes = {
	};
	objectVersion = 50;
	objects = {

/* Begin PBXBuildFile section */
		C2304B3125EBBE7E00B47480 /* HappyNumber.swift in Sources */ = {isa = PBXBuildFile; fileRef = C2304B3025EBBE7E00B47480 /* HappyNumber.swift */; };
		C23BCB4C25EA7BE800C44AD5 /* AppDelegate.swift in Sources */ = {isa = PBXBuildFile; fileRef = C23BCB4B25EA7BE800C44AD5 /* AppDelegate.swift */; };
		C23BCB4E25EA7BE800C44AD5 /* ViewController.swift in Sources */ = {isa = PBXBuildFile; fileRef = C23BCB4D25EA7BE800C44AD5 /* ViewController.swift */; };
		C23BCB5025EA7BEA00C44AD5 /* Assets.xcassets in Resources */ = {isa = PBXBuildFile; fileRef = C23BCB4F25EA7BEA00C44AD5 /* Assets.xcassets */; };
		C23BCB5325EA7BEA00C44AD5 /* Main.storyboard in Resources */ = {isa = PBXBuildFile; fileRef = C23BCB5125EA7BEA00C44AD5 /* Main.storyboard */; };
		C23BCB6525EA7D5600C44AD5 /* SolutionManager.swift in Sources */ = {isa = PBXBuildFile; fileRef = C23BCB6425EA7D5600C44AD5 /* SolutionManager.swift */; };
		C23BCB6B25EA7E2F00C44AD5 /* SingleNumberTask.swift in Sources */ = {isa = PBXBuildFile; fileRef = C23BCB6A25EA7E2F00C44AD5 /* SingleNumberTask.swift */; };
		C23BCB6F25EA858200C44AD5 /* Task.swift in Sources */ = {isa = PBXBuildFile; fileRef = C23BCB6E25EA858200C44AD5 /* Task.swift */; };
/* End PBXBuildFile section */

/* Begin PBXFileReference section */
		C2304B3025EBBE7E00B47480 /* HappyNumber.swift */ = {isa = PBXFileReference; lastKnownFileType = sourcecode.swift; path = HappyNumber.swift; sourceTree = "<group>"; };
		C23BCB4825EA7BE800C44AD5 /* Leecode.app */ = {isa = PBXFileReference; explicitFileType = wrapper.application; includeInIndex = 0; path = Leecode.app; sourceTree = BUILT_PRODUCTS_DIR; };
		C23BCB4B25EA7BE800C44AD5 /* AppDelegate.swift */ = {isa = PBXFileReference; lastKnownFileType = sourcecode.swift; path = AppDelegate.swift; sourceTree = "<group>"; };
		C23BCB4D25EA7BE800C44AD5 /* ViewController.swift */ = {isa = PBXFileReference; lastKnownFileType = sourcecode.swift; path = ViewController.swift; sourceTree = "<group>"; };
		C23BCB4F25EA7BEA00C44AD5 /* Assets.xcassets */ = {isa = PBXFileReference; lastKnownFileType = folder.assetcatalog; path = Assets.xcassets; sourceTree = "<group>"; };
		C23BCB5225EA7BEA00C44AD5 /* Base */ = {isa = PBXFileReference; lastKnownFileType = file.storyboard; name = Base; path = Base.lproj/Main.storyboard; sourceTree = "<group>"; };
		C23BCB5425EA7BEA00C44AD5 /* Info.plist */ = {isa = PBXFileReference; lastKnownFileType = text.plist.xml; path = Info.plist; sourceTree = "<group>"; };
		C23BCB5525EA7BEA00C44AD5 /* Leecode.entitlements */ = {isa = PBXFileReference; lastKnownFileType = text.plist.entitlements; path = Leecode.entitlements; sourceTree = "<group>"; };
		C23BCB6425EA7D5600C44AD5 /* SolutionManager.swift */ = {isa = PBXFileReference; lastKnownFileType = sourcecode.swift; path = SolutionManager.swift; sourceTree = "<group>"; };
		C23BCB6A25EA7E2F00C44AD5 /* SingleNumberTask.swift */ = {isa = PBXFileReference; lastKnownFileType = sourcecode.swift; path = SingleNumberTask.swift; sourceTree = "<group>"; };
		C23BCB6E25EA858200C44AD5 /* Task.swift */ = {isa = PBXFileReference; lastKnownFileType = sourcecode.swift; path = Task.swift; sourceTree = "<group>"; };
/* End PBXFileReference section */

/* Begin PBXFrameworksBuildPhase section */
		C23BCB4525EA7BE800C44AD5 /* Frameworks */ = {
			isa = PBXFrameworksBuildPhase;
			buildActionMask = 2147483647;
			files = (
			);
			runOnlyForDeploymentPostprocessing = 0;
		};
/* End PBXFrameworksBuildPhase section */

/* Begin PBXGroup section */
		C2304B2F25EBBE6A00B47480 /* HappyNumber */ = {
			isa = PBXGroup;
			children = (
				C2304B3025EBBE7E00B47480 /* HappyNumber.swift */,
			);
			path = HappyNumber;
			sourceTree = "<group>";
		};
		C23BCB3F25EA7BE800C44AD5 = {
			isa = PBXGroup;
			children = (
				C23BCB4A25EA7BE800C44AD5 /* Leecode */,
				C23BCB4925EA7BE800C44AD5 /* Products */,
			);
			sourceTree = "<group>";
		};
		C23BCB4925EA7BE800C44AD5 /* Products */ = {
			isa = PBXGroup;
			children = (
				C23BCB4825EA7BE800C44AD5 /* Leecode.app */,
			);
			name = Products;
			sourceTree = "<group>";
		};
		C23BCB4A25EA7BE800C44AD5 /* Leecode */ = {
			isa = PBXGroup;
			children = (
				C23BCB5D25EA7C7200C44AD5 /* Application */,
				C23BCB6125EA7D0C00C44AD5 /* View */,
				C23BCB4D25EA7BE800C44AD5 /* ViewController.swift */,
				C23BCB6225EA7D3200C44AD5 /* Solutions */,
				C23BCB5F25EA7CC600C44AD5 /* Resources */,
			);
			path = Leecode;
			sourceTree = "<group>";
		};
		C23BCB5D25EA7C7200C44AD5 /* Application */ = {
			isa = PBXGroup;
			children = (
				C23BCB4B25EA7BE800C44AD5 /* AppDelegate.swift */,
			);
			path = Application;
			sourceTree = "<group>";
		};
		C23BCB5F25EA7CC600C44AD5 /* Resources */ = {
			isa = PBXGroup;
			children = (
				C23BCB4F25EA7BEA00C44AD5 /* Assets.xcassets */,
				C23BCB5425EA7BEA00C44AD5 /* Info.plist */,
				C23BCB5525EA7BEA00C44AD5 /* Leecode.entitlements */,
			);
			path = Resources;
			sourceTree = "<group>";
		};
		C23BCB6125EA7D0C00C44AD5 /* View */ = {
			isa = PBXGroup;
			children = (
				C23BCB5125EA7BEA00C44AD5 /* Main.storyboard */,
			);
			path = View;
			sourceTree = "<group>";
		};
		C23BCB6225EA7D3200C44AD5 /* Solutions */ = {
			isa = PBXGroup;
			children = (
				C23BCB6425EA7D5600C44AD5 /* SolutionManager.swift */,
				C23BCB6D25EA856F00C44AD5 /* Task */,
				C23BCB6325EA7D3C00C44AD5 /* Single Number */,
				C2304B2F25EBBE6A00B47480 /* HappyNumber */,
			);
			path = Solutions;
			sourceTree = "<group>";
		};
		C23BCB6325EA7D3C00C44AD5 /* Single Number */ = {
			isa = PBXGroup;
			children = (
				C23BCB6A25EA7E2F00C44AD5 /* SingleNumberTask.swift */,
			);
			path = "Single Number";
			sourceTree = "<group>";
		};
		C23BCB6D25EA856F00C44AD5 /* Task */ = {
			isa = PBXGroup;
			children = (
				C23BCB6E25EA858200C44AD5 /* Task.swift */,
			);
			path = Task;
			sourceTree = "<group>";
		};
/* End PBXGroup section */

/* Begin PBXNativeTarget section */
		C23BCB4725EA7BE800C44AD5 /* Leecode */ = {
			isa = PBXNativeTarget;
			buildConfigurationList = C23BCB5825EA7BEA00C44AD5 /* Build configuration list for PBXNativeTarget "Leecode" */;
			buildPhases = (
				C23BCB4425EA7BE800C44AD5 /* Sources */,
				C23BCB4525EA7BE800C44AD5 /* Frameworks */,
				C23BCB4625EA7BE800C44AD5 /* Resources */,
			);
			buildRules = (
			);
			dependencies = (
			);
			name = Leecode;
			productName = Leecode;
			productReference = C23BCB4825EA7BE800C44AD5 /* Leecode.app */;
			productType = "com.apple.product-type.application";
		};
/* End PBXNativeTarget section */

/* Begin PBXProject section */
		C23BCB4025EA7BE800C44AD5 /* Project object */ = {
			isa = PBXProject;
			attributes = {
				LastSwiftUpdateCheck = 1240;
				LastUpgradeCheck = 1240;
				TargetAttributes = {
					C23BCB4725EA7BE800C44AD5 = {
						CreatedOnToolsVersion = 12.4;
					};
				};
			};
			buildConfigurationList = C23BCB4325EA7BE800C44AD5 /* Build configuration list for PBXProject "Leecode" */;
			compatibilityVersion = "Xcode 9.3";
			developmentRegion = en;
			hasScannedForEncodings = 0;
			knownRegions = (
				en,
				Base,
			);
			mainGroup = C23BCB3F25EA7BE800C44AD5;
			productRefGroup = C23BCB4925EA7BE800C44AD5 /* Products */;
			projectDirPath = "";
			projectRoot = "";
			targets = (
				C23BCB4725EA7BE800C44AD5 /* Leecode */,
			);
		};
/* End PBXProject section */

/* Begin PBXResourcesBuildPhase section */
		C23BCB4625EA7BE800C44AD5 /* Resources */ = {
			isa = PBXResourcesBuildPhase;
			buildActionMask = 2147483647;
			files = (
				C23BCB5025EA7BEA00C44AD5 /* Assets.xcassets in Resources */,
				C23BCB5325EA7BEA00C44AD5 /* Main.storyboard in Resources */,
			);
			runOnlyForDeploymentPostprocessing = 0;
		};
/* End PBXResourcesBuildPhase section */

/* Begin PBXSourcesBuildPhase section */
		C23BCB4425EA7BE800C44AD5 /* Sources */ = {
			isa = PBXSourcesBuildPhase;
			buildActionMask = 2147483647;
			files = (
				C23BCB6525EA7D5600C44AD5 /* SolutionManager.swift in Sources */,
				C23BCB4E25EA7BE800C44AD5 /* ViewController.swift in Sources */,
				C23BCB6F25EA858200C44AD5 /* Task.swift in Sources */,
				C23BCB4C25EA7BE800C44AD5 /* AppDelegate.swift in Sources */,
				C23BCB6B25EA7E2F00C44AD5 /* SingleNumberTask.swift in Sources */,
				C2304B3125EBBE7E00B47480 /* HappyNumber.swift in Sources */,
			);
			runOnlyForDeploymentPostprocessing = 0;
		};
/* End PBXSourcesBuildPhase section */

/* Begin PBXVariantGroup section */
		C23BCB5125EA7BEA00C44AD5 /* Main.storyboard */ = {
			isa = PBXVariantGroup;
			children = (
				C23BCB5225EA7BEA00C44AD5 /* Base */,
			);
			name = Main.storyboard;
			sourceTree = "<group>";
		};
/* End PBXVariantGroup section */

/* Begin XCBuildConfiguration section */
		C23BCB5625EA7BEA00C44AD5 /* Debug */ = {
			isa = XCBuildConfiguration;
			buildSettings = {
				ALWAYS_SEARCH_USER_PATHS = NO;
				CLANG_ANALYZER_NONNULL = YES;
				CLANG_ANALYZER_NUMBER_OBJECT_CONVERSION = YES_AGGRESSIVE;
				CLANG_CXX_LANGUAGE_STANDARD = "gnu++14";
				CLANG_CXX_LIBRARY = "libc++";
				CLANG_ENABLE_MODULES = YES;
				CLANG_ENABLE_OBJC_ARC = YES;
				CLANG_ENABLE_OBJC_WEAK = YES;
				CLANG_WARN_BLOCK_CAPTURE_AUTORELEASING = YES;
				CLANG_WARN_BOOL_CONVERSION = YES;
				CLANG_WARN_COMMA = YES;
				CLANG_WARN_CONSTANT_CONVERSION = YES;
				CLANG_WARN_DEPRECATED_OBJC_IMPLEMENTATIONS = YES;
				CLANG_WARN_DIRECT_OBJC_ISA_USAGE = YES_ERROR;
				CLANG_WARN_DOCUMENTATION_COMMENTS = YES;
				CLANG_WARN_EMPTY_BODY = YES;
				CLANG_WARN_ENUM_CONVERSION = YES;
				CLANG_WARN_INFINITE_RECURSION = YES;
				CLANG_WARN_INT_CONVERSION = YES;
				CLANG_WARN_NON_LITERAL_NULL_CONVERSION = YES;
				CLANG_WARN_OBJC_IMPLICIT_RETAIN_SELF = YES;
				CLANG_WARN_OBJC_LITERAL_CONVERSION = YES;
				CLANG_WARN_OBJC_ROOT_CLASS = YES_ERROR;
				CLANG_WARN_QUOTED_INCLUDE_IN_FRAMEWORK_HEADER = YES;
				CLANG_WARN_RANGE_LOOP_ANALYSIS = YES;
				CLANG_WARN_STRICT_PROTOTYPES = YES;
				CLANG_WARN_SUSPICIOUS_MOVE = YES;
				CLANG_WARN_UNGUARDED_AVAILABILITY = YES_AGGRESSIVE;
				CLANG_WARN_UNREACHABLE_CODE = YES;
				CLANG_WARN__DUPLICATE_METHOD_MATCH = YES;
				COPY_PHASE_STRIP = NO;
				DEBUG_INFORMATION_FORMAT = dwarf;
				ENABLE_STRICT_OBJC_MSGSEND = YES;
				ENABLE_TESTABILITY = YES;
				GCC_C_LANGUAGE_STANDARD = gnu11;
				GCC_DYNAMIC_NO_PIC = NO;
				GCC_NO_COMMON_BLOCKS = YES;
				GCC_OPTIMIZATION_LEVEL = 0;
				GCC_PREPROCESSOR_DEFINITIONS = (
					"DEBUG=1",
					"$(inherited)",
				);
				GCC_WARN_64_TO_32_BIT_CONVERSION = YES;
				GCC_WARN_ABOUT_RETURN_TYPE = YES_ERROR;
				GCC_WARN_UNDECLARED_SELECTOR = YES;
				GCC_WARN_UNINITIALIZED_AUTOS = YES_AGGRESSIVE;
				GCC_WARN_UNUSED_FUNCTION = YES;
				GCC_WARN_UNUSED_VARIABLE = YES;
				MACOSX_DEPLOYMENT_TARGET = 11.1;
				MTL_ENABLE_DEBUG_INFO = INCLUDE_SOURCE;
				MTL_FAST_MATH = YES;
				ONLY_ACTIVE_ARCH = YES;
				SDKROOT = macosx;
				SWIFT_ACTIVE_COMPILATION_CONDITIONS = DEBUG;
				SWIFT_OPTIMIZATION_LEVEL = "-Onone";
			};
			name = Debug;
		};
		C23BCB5725EA7BEA00C44AD5 /* Release */ = {
			isa = XCBuildConfiguration;
			buildSettings = {
				ALWAYS_SEARCH_USER_PATHS = NO;
				CLANG_ANALYZER_NONNULL = YES;
				CLANG_ANALYZER_NUMBER_OBJECT_CONVERSION = YES_AGGRESSIVE;
				CLANG_CXX_LANGUAGE_STANDARD = "gnu++14";
				CLANG_CXX_LIBRARY = "libc++";
				CLANG_ENABLE_MODULES = YES;
				CLANG_ENABLE_OBJC_ARC = YES;
				CLANG_ENABLE_OBJC_WEAK = YES;
				CLANG_WARN_BLOCK_CAPTURE_AUTORELEASING = YES;
				CLANG_WARN_BOOL_CONVERSION = YES;
				CLANG_WARN_COMMA = YES;
				CLANG_WARN_CONSTANT_CONVERSION = YES;
				CLANG_WARN_DEPRECATED_OBJC_IMPLEMENTATIONS = YES;
				CLANG_WARN_DIRECT_OBJC_ISA_USAGE = YES_ERROR;
				CLANG_WARN_DOCUMENTATION_COMMENTS = YES;
				CLANG_WARN_EMPTY_BODY = YES;
				CLANG_WARN_ENUM_CONVERSION = YES;
				CLANG_WARN_INFINITE_RECURSION = YES;
				CLANG_WARN_INT_CONVERSION = YES;
				CLANG_WARN_NON_LITERAL_NULL_CONVERSION = YES;
				CLANG_WARN_OBJC_IMPLICIT_RETAIN_SELF = YES;
				CLANG_WARN_OBJC_LITERAL_CONVERSION = YES;
				CLANG_WARN_OBJC_ROOT_CLASS = YES_ERROR;
				CLANG_WARN_QUOTED_INCLUDE_IN_FRAMEWORK_HEADER = YES;
				CLANG_WARN_RANGE_LOOP_ANALYSIS = YES;
				CLANG_WARN_STRICT_PROTOTYPES = YES;
				CLANG_WARN_SUSPICIOUS_MOVE = YES;
				CLANG_WARN_UNGUARDED_AVAILABILITY = YES_AGGRESSIVE;
				CLANG_WARN_UNREACHABLE_CODE = YES;
				CLANG_WARN__DUPLICATE_METHOD_MATCH = YES;
				COPY_PHASE_STRIP = NO;
				DEBUG_INFORMATION_FORMAT = "dwarf-with-dsym";
				ENABLE_NS_ASSERTIONS = NO;
				ENABLE_STRICT_OBJC_MSGSEND = YES;
				GCC_C_LANGUAGE_STANDARD = gnu11;
				GCC_NO_COMMON_BLOCKS = YES;
				GCC_WARN_64_TO_32_BIT_CONVERSION = YES;
				GCC_WARN_ABOUT_RETURN_TYPE = YES_ERROR;
				GCC_WARN_UNDECLARED_SELECTOR = YES;
				GCC_WARN_UNINITIALIZED_AUTOS = YES_AGGRESSIVE;
				GCC_WARN_UNUSED_FUNCTION = YES;
				GCC_WARN_UNUSED_VARIABLE = YES;
				MACOSX_DEPLOYMENT_TARGET = 11.1;
				MTL_ENABLE_DEBUG_INFO = NO;
				MTL_FAST_MATH = YES;
				SDKROOT = macosx;
				SWIFT_COMPILATION_MODE = wholemodule;
				SWIFT_OPTIMIZATION_LEVEL = "-O";
			};
			name = Release;
		};
		C23BCB5925EA7BEA00C44AD5 /* Debug */ = {
			isa = XCBuildConfiguration;
			buildSettings = {
				ASSETCATALOG_COMPILER_APPICON_NAME = AppIcon;
				ASSETCATALOG_COMPILER_GLOBAL_ACCENT_COLOR_NAME = AccentColor;
				CODE_SIGN_ENTITLEMENTS = Leecode/Resources/Leecode.entitlements;
				CODE_SIGN_STYLE = Automatic;
				COMBINE_HIDPI_IMAGES = YES;
				DEVELOPMENT_TEAM = 9R45Q2DW4H;
				ENABLE_HARDENED_RUNTIME = YES;
				INFOPLIST_FILE = Leecode/Resources/Info.plist;
				LD_RUNPATH_SEARCH_PATHS = (
					"$(inherited)",
					"@executable_path/../Frameworks",
				);
				PRODUCT_BUNDLE_IDENTIFIER = leecode.test.prefect.Leecode;
				PRODUCT_NAME = "$(TARGET_NAME)";
				SWIFT_VERSION = 5.0;
			};
			name = Debug;
		};
		C23BCB5A25EA7BEA00C44AD5 /* Release */ = {
			isa = XCBuildConfiguration;
			buildSettings = {
				ASSETCATALOG_COMPILER_APPICON_NAME = AppIcon;
				ASSETCATALOG_COMPILER_GLOBAL_ACCENT_COLOR_NAME = AccentColor;
				CODE_SIGN_ENTITLEMENTS = Leecode/Resources/Leecode.entitlements;
				CODE_SIGN_STYLE = Automatic;
				COMBINE_HIDPI_IMAGES = YES;
				DEVELOPMENT_TEAM = 9R45Q2DW4H;
				ENABLE_HARDENED_RUNTIME = YES;
				INFOPLIST_FILE = Leecode/Resources/Info.plist;
				LD_RUNPATH_SEARCH_PATHS = (
					"$(inherited)",
					"@executable_path/../Frameworks",
				);
				PRODUCT_BUNDLE_IDENTIFIER = leecode.test.prefect.Leecode;
				PRODUCT_NAME = "$(TARGET_NAME)";
				SWIFT_VERSION = 5.0;
			};
			name = Release;
		};
/* End XCBuildConfiguration section */

/* Begin XCConfigurationList section */
		C23BCB4325EA7BE800C44AD5 /* Build configuration list for PBXProject "Leecode" */ = {
			isa = XCConfigurationList;
			buildConfigurations = (
				C23BCB5625EA7BEA00C44AD5 /* Debug */,
				C23BCB5725EA7BEA00C44AD5 /* Release */,
			);
			defaultConfigurationIsVisible = 0;
			defaultConfigurationName = Release;
		};
		C23BCB5825EA7BEA00C44AD5 /* Build configuration list for PBXNativeTarget "Leecode" */ = {
			isa = XCConfigurationList;
			buildConfigurations = (
				C23BCB5925EA7BEA00C44AD5 /* Debug */,
				C23BCB5A25EA7BEA00C44AD5 /* Release */,
			);
			defaultConfigurationIsVisible = 0;
			defaultConfigurationName = Release;
		};
/* End XCConfigurationList section */
	};
	rootObject = C23BCB4025EA7BE800C44AD5 /* Project object */;
}
